
Microsoft Visual Studio Solution File, Format Version 12.00
# Visual Studio Version 17
VisualStudioVersion = 17.4.33122.133
MinimumVisualStudioVersion = 10.0.40219.1
Project("{9A19103F-16F7-4668-BE54-9A1E7A4F7556}") = "Greenhopper", "Greenhopper\Greenhopper.csproj", "{6F3B65C9-03D6-45A6-A2F3-9A5B57D9022E}"
EndProject
Project("{9A19103F-16F7-4668-BE54-9A1E7A4F7556}") = "CarbonAware.Aggregators", "..\carbon-aware-sdk\src\CarbonAware.Aggregators\src\CarbonAware.Aggregators.csproj", "{5EBD0FB1-FD1B-4D56-ADF4-A48218E21CD8}"
EndProject
Project("{9A19103F-16F7-4668-BE54-9A1E7A4F7556}") = "CarbonAware", "..\carbon-aware-sdk\src\CarbonAware\src\CarbonAware.csproj", "{F21630A3-90BD-4C3D-B0B2-EE55BB6FDA68}"
EndProject
Project("{9A19103F-16F7-4668-BE54-9A1E7A4F7556}") = "CarbonAware.DataSources.Registration", "..\carbon-aware-sdk\src\CarbonAware.DataSources\CarbonAware.DataSources.Registration\CarbonAware.DataSources.Registration.csproj", "{19DB32B7-4D29-490E-9FDD-202FE12C0D26}"
EndProject
Project("{9A19103F-16F7-4668-BE54-9A1E7A4F7556}") = "CarbonAware.DataSources.Json", "..\carbon-aware-sdk\src\CarbonAware.DataSources\CarbonAware.DataSources.Json\src\CarbonAware.DataSources.Json.csproj", "{141B66ED-2AC5-4E6A-8B34-164AB238447B}"
EndProject
Project("{9A19103F-16F7-4668-BE54-9A1E7A4F7556}") = "CarbonAware.DataSources.WattTime", "..\carbon-aware-sdk\src\CarbonAware.DataSources\CarbonAware.DataSources.WattTime\src\CarbonAware.DataSources.WattTime.csproj", "{56AE8649-F37C-4175-88F3-A0B16FF06FE8}"
EndProject
Project("{9A19103F-16F7-4668-BE54-9A1E7A4F7556}") = "CarbonAware.Tools.WattTimeClient", "..\carbon-aware-sdk\src\CarbonAware.Tools\CarbonAware.Tools.WattTimeClient\src\CarbonAware.Tools.WattTimeClient.csproj", "{3418CE8B-1EF3-4228-84B6-A8A68B268A2C}"
EndProject
Project("{9A19103F-16F7-4668-BE54-9A1E7A4F7556}") = "CarbonAware.LocationSources", "..\carbon-aware-sdk\src\CarbonAware.LocationSources\src\CarbonAware.LocationSources.csproj", "{02C69655-50B2-48F1-850B-2A335948DE64}"
EndProject
Project("{9A19103F-16F7-4668-BE54-9A1E7A4F7556}") = "CarbonAware.AzureFunction.Sample", "..\sample\timer-trigger\CarbonAware.AzureFunction.Sample.csproj", "{312C8425-9928-4B8C-9F4C-84491E6734D3}"
EndProject
Global
	GlobalSection(SolutionConfigurationPlatforms) = preSolution
		Debug|Any CPU = Debug|Any CPU
		Release|Any CPU = Release|Any CPU
	EndGlobalSection
	GlobalSection(ProjectConfigurationPlatforms) = postSolution
		{6F3B65C9-03D6-45A6-A2F3-9A5B57D9022E}.Debug|Any CPU.ActiveCfg = Debug|Any CPU
		{6F3B65C9-03D6-45A6-A2F3-9A5B57D9022E}.Debug|Any CPU.Build.0 = Debug|Any CPU
		{6F3B65C9-03D6-45A6-A2F3-9A5B57D9022E}.Release|Any CPU.ActiveCfg = Release|Any CPU
		{6F3B65C9-03D6-45A6-A2F3-9A5B57D9022E}.Release|Any CPU.Build.0 = Release|Any CPU
		{5EBD0FB1-FD1B-4D56-ADF4-A48218E21CD8}.Debug|Any CPU.ActiveCfg = Debug|Any CPU
		{5EBD0FB1-FD1B-4D56-ADF4-A48218E21CD8}.Debug|Any CPU.Build.0 = Debug|Any CPU
		{5EBD0FB1-FD1B-4D56-ADF4-A48218E21CD8}.Release|Any CPU.ActiveCfg = Release|Any CPU
		{5EBD0FB1-FD1B-4D56-ADF4-A48218E21CD8}.Release|Any CPU.Build.0 = Release|Any CPU
		{F21630A3-90BD-4C3D-B0B2-EE55BB6FDA68}.Debug|Any CPU.ActiveCfg = Debug|Any CPU
		{F21630A3-90BD-4C3D-B0B2-EE55BB6FDA68}.Debug|Any CPU.Build.0 = Debug|Any CPU
		{F21630A3-90BD-4C3D-B0B2-EE55BB6FDA68}.Release|Any CPU.ActiveCfg = Release|Any CPU
		{F21630A3-90BD-4C3D-B0B2-EE55BB6FDA68}.Release|Any CPU.Build.0 = Release|Any CPU
		{19DB32B7-4D29-490E-9FDD-202FE12C0D26}.Debug|Any CPU.ActiveCfg = Debug|Any CPU
		{19DB32B7-4D29-490E-9FDD-202FE12C0D26}.Debug|Any CPU.Build.0 = Debug|Any CPU
		{19DB32B7-4D29-490E-9FDD-202FE12C0D26}.Release|Any CPU.ActiveCfg = Release|Any CPU
		{19DB32B7-4D29-490E-9FDD-202FE12C0D26}.Release|Any CPU.Build.0 = Release|Any CPU
		{141B66ED-2AC5-4E6A-8B34-164AB238447B}.Debug|Any CPU.ActiveCfg = Debug|Any CPU
		{141B66ED-2AC5-4E6A-8B34-164AB238447B}.Debug|Any CPU.Build.0 = Debug|Any CPU
		{141B66ED-2AC5-4E6A-8B34-164AB238447B}.Release|Any CPU.ActiveCfg = Release|Any CPU
		{141B66ED-2AC5-4E6A-8B34-164AB238447B}.Release|Any CPU.Build.0 = Release|Any CPU
		{56AE8649-F37C-4175-88F3-A0B16FF06FE8}.Debug|Any CPU.ActiveCfg = Debug|Any CPU
		{56AE8649-F37C-4175-88F3-A0B16FF06FE8}.Debug|Any CPU.Build.0 = Debug|Any CPU
		{56AE8649-F37C-4175-88F3-A0B16FF06FE8}.Release|Any CPU.ActiveCfg = Release|Any CPU
		{56AE8649-F37C-4175-88F3-A0B16FF06FE8}.Release|Any CPU.Build.0 = Release|Any CPU
		{3418CE8B-1EF3-4228-84B6-A8A68B268A2C}.Debug|Any CPU.ActiveCfg = Debug|Any CPU
		{3418CE8B-1EF3-4228-84B6-A8A68B268A2C}.Debug|Any CPU.Build.0 = Debug|Any CPU
		{3418CE8B-1EF3-4228-84B6-A8A68B268A2C}.Release|Any CPU.ActiveCfg = Release|Any CPU
		{3418CE8B-1EF3-4228-84B6-A8A68B268A2C}.Release|Any CPU.Build.0 = Release|Any CPU
		{02C69655-50B2-48F1-850B-2A335948DE64}.Debug|Any CPU.ActiveCfg = Debug|Any CPU
		{02C69655-50B2-48F1-850B-2A335948DE64}.Debug|Any CPU.Build.0 = Debug|Any CPU
		{02C69655-50B2-48F1-850B-2A335948DE64}.Release|Any CPU.ActiveCfg = Release|Any CPU
		{02C69655-50B2-48F1-850B-2A335948DE64}.Release|Any CPU.Build.0 = Release|Any CPU
		{312C8425-9928-4B8C-9F4C-84491E6734D3}.Debug|Any CPU.ActiveCfg = Debug|Any CPU
		{312C8425-9928-4B8C-9F4C-84491E6734D3}.Debug|Any CPU.Build.0 = Debug|Any CPU
		{312C8425-9928-4B8C-9F4C-84491E6734D3}.Release|Any CPU.ActiveCfg = Release|Any CPU
		{312C8425-9928-4B8C-9F4C-84491E6734D3}.Release|Any CPU.Build.0 = Release|Any CPU
	EndGlobalSection
	GlobalSection(SolutionProperties) = preSolution
		HideSolutionNode = FALSE
	EndGlobalSection
	GlobalSection(ExtensibilityGlobals) = postSolution
		SolutionGuid = {CC616CB6-9121-43C9-A9E4-9E560783A226}
	EndGlobalSection
EndGlobal
